{
  "name": "svg-icon-font",
  "version": "1.0.0",
  "lockfileVersion": 1,
  "dependencies": {
    "esprima": {
      "version": "2.7.3",
      "resolved": "https://registry.npmjs.org/esprima/-/esprima-2.7.3.tgz",
      "integrity": "sha1-luO3DVd59q1JzQMmc9HDEnZ7pYE="
    },
    "estraverse": {
      "version": "4.2.0",
      "resolved": "https://registry.npmjs.org/estraverse/-/estraverse-4.2.0.tgz",
      "integrity": "sha1-De4/7TH81GlhjOc0IJn8GvoL2xM="
    },
    "fonteditor-core": {
      "version": "0.0.37",
      "resolved": "https://registry.npmjs.org/fonteditor-core/-/fonteditor-core-0.0.37.tgz",
      "integrity": "sha1-INXODJcaJXrwBt5EjBaUTrkuIDQ="
    },
    "xmldom": {
      "version": "0.1.27",
      "resolved": "https://registry.npmjs.org/xmldom/-/xmldom-0.1.27.tgz",
      "integrity": "sha1-1QH5ezvbQDr4757MIFcxh6rawOk="
    }
  }
}
